
Microsoft Visual Studio Solution File, Format Version 12.00
# Visual Studio 15
VisualStudioVersion = 15.0.26730.8
MinimumVisualStudioVersion = 10.0.40219.1
Project("{FAE04EC0-301F-11D3-BF4B-00C04F79EFBC}") = "XFMovieSearch.Android", "XFMovieSearch\XFMovieSearch.Android\XFMovieSearch.Android.csproj", "{AE37F860-5E13-4DD6-B494-8932606385CC}"
EndProject
Project("{FAE04EC0-301F-11D3-BF4B-00C04F79EFBC}") = "XFMovieSearch", "XFMovieSearch\XFMovieSearch\XFMovieSearch.csproj", "{63776DBE-238B-4718-9714-93C8DFB797FC}"
EndProject
Project("{FAE04EC0-301F-11D3-BF4B-00C04F79EFBC}") = "XFMovieSearch.UWP", "XFMovieSearch\XFMovieSearch.UWP\XFMovieSearch.UWP.csproj", "{B128D9DD-6937-4B17-8C26-6AD094674A71}"
EndProject
Project("{FAE04EC0-301F-11D3-BF4B-00C04F79EFBC}") = "XFMovieSearch.iOS", "XFMovieSearch\XFMovieSearch.iOS\XFMovieSearch.iOS.csproj", "{65BFE93A-BF44-438D-8C0B-404474DB5CDE}"
EndProject
Project("{FAE04EC0-301F-11D3-BF4B-00C04F79EFBC}") = "MovieSearch", "XFMovieSearch\MovieSearch\MovieSearch.csproj", "{3F80FE68-4163-497C-B5F0-9D440845FB9B}"
EndProject
Global
	GlobalSection(SolutionConfigurationPlatforms) = preSolution
		Ad-Hoc|Any CPU = Ad-Hoc|Any CPU
		Ad-Hoc|ARM = Ad-Hoc|ARM
		Ad-Hoc|iPhone = Ad-Hoc|iPhone
		Ad-Hoc|iPhoneSimulator = Ad-Hoc|iPhoneSimulator
		Ad-Hoc|x64 = Ad-Hoc|x64
		Ad-Hoc|x86 = Ad-Hoc|x86
		AppStore|Any CPU = AppStore|Any CPU
		AppStore|ARM = AppStore|ARM
		AppStore|iPhone = AppStore|iPhone
		AppStore|iPhoneSimulator = AppStore|iPhoneSimulator
		AppStore|x64 = AppStore|x64
		AppStore|x86 = AppStore|x86
		Debug|Any CPU = Debug|Any CPU
		Debug|ARM = Debug|ARM
		Debug|iPhone = Debug|iPhone
		Debug|iPhoneSimulator = Debug|iPhoneSimulator
		Debug|x64 = Debug|x64
		Debug|x86 = Debug|x86
		Release|Any CPU = Release|Any CPU
		Release|ARM = Release|ARM
		Release|iPhone = Release|iPhone
		Release|iPhoneSimulator = Release|iPhoneSimulator
		Release|x64 = Release|x64
		Release|x86 = Release|x86
	EndGlobalSection
	GlobalSection(ProjectConfigurationPlatforms) = postSolution
		{AE37F860-5E13-4DD6-B494-8932606385CC}.Ad-Hoc|Any CPU.ActiveCfg = Release|Any CPU
		{AE37F860-5E13-4DD6-B494-8932606385CC}.Ad-Hoc|Any CPU.Build.0 = Release|Any CPU
		{AE37F860-5E13-4DD6-B494-8932606385CC}.Ad-Hoc|Any CPU.Deploy.0 = Release|Any CPU
		{AE37F860-5E13-4DD6-B494-8932606385CC}.Ad-Hoc|ARM.ActiveCfg = Release|Any CPU
		{AE37F860-5E13-4DD6-B494-8932606385CC}.Ad-Hoc|ARM.Build.0 = Release|Any CPU
		{AE37F860-5E13-4DD6-B494-8932606385CC}.Ad-Hoc|ARM.Deploy.0 = Release|Any CPU
		{AE37F860-5E13-4DD6-B494-8932606385CC}.Ad-Hoc|iPhone.ActiveCfg = Release|Any CPU
		{AE37F860-5E13-4DD6-B494-8932606385CC}.Ad-Hoc|iPhone.Build.0 = Release|Any CPU
		{AE37F860-5E13-4DD6-B494-8932606385CC}.Ad-Hoc|iPhone.Deploy.0 = Release|Any CPU
		{AE37F860-5E13-4DD6-B494-8932606385CC}.Ad-Hoc|iPhoneSimulator.ActiveCfg = Release|Any CPU
		{AE37F860-5E13-4DD6-B494-8932606385CC}.Ad-Hoc|iPhoneSimulator.Build.0 = Release|Any CPU
		{AE37F860-5E13-4DD6-B494-8932606385CC}.Ad-Hoc|iPhoneSimulator.Deploy.0 = Release|Any CPU
		{AE37F860-5E13-4DD6-B494-8932606385CC}.Ad-Hoc|x64.ActiveCfg = Release|Any CPU
		{AE37F860-5E13-4DD6-B494-8932606385CC}.Ad-Hoc|x64.Build.0 = Release|Any CPU
		{AE37F860-5E13-4DD6-B494-8932606385CC}.Ad-Hoc|x64.Deploy.0 = Release|Any CPU
		{AE37F860-5E13-4DD6-B494-8932606385CC}.Ad-Hoc|x86.ActiveCfg = Release|Any CPU
		{AE37F860-5E13-4DD6-B494-8932606385CC}.Ad-Hoc|x86.Build.0 = Release|Any CPU
		{AE37F860-5E13-4DD6-B494-8932606385CC}.Ad-Hoc|x86.Deploy.0 = Release|Any CPU
		{AE37F860-5E13-4DD6-B494-8932606385CC}.AppStore|Any CPU.ActiveCfg = Release|Any CPU
		{AE37F860-5E13-4DD6-B494-8932606385CC}.AppStore|Any CPU.Build.0 = Release|Any CPU
		{AE37F860-5E13-4DD6-B494-8932606385CC}.AppStore|Any CPU.Deploy.0 = Release|Any CPU
		{AE37F860-5E13-4DD6-B494-8932606385CC}.AppStore|ARM.ActiveCfg = Release|Any CPU
		{AE37F860-5E13-4DD6-B494-8932606385CC}.AppStore|ARM.Build.0 = Release|Any CPU
		{AE37F860-5E13-4DD6-B494-8932606385CC}.AppStore|ARM.Deploy.0 = Release|Any CPU
		{AE37F860-5E13-4DD6-B494-8932606385CC}.AppStore|iPhone.ActiveCfg = Release|Any CPU
		{AE37F860-5E13-4DD6-B494-8932606385CC}.AppStore|iPhone.Build.0 = Release|Any CPU
		{AE37F860-5E13-4DD6-B494-8932606385CC}.AppStore|iPhone.Deploy.0 = Release|Any CPU
		{AE37F860-5E13-4DD6-B494-8932606385CC}.AppStore|iPhoneSimulator.ActiveCfg = Release|Any CPU
		{AE37F860-5E13-4DD6-B494-8932606385CC}.AppStore|iPhoneSimulator.Build.0 = Release|Any CPU
		{AE37F860-5E13-4DD6-B494-8932606385CC}.AppStore|iPhoneSimulator.Deploy.0 = Release|Any CPU
		{AE37F860-5E13-4DD6-B494-8932606385CC}.AppStore|x64.ActiveCfg = Release|Any CPU
		{AE37F860-5E13-4DD6-B494-8932606385CC}.AppStore|x64.Build.0 = Release|Any CPU
		{AE37F860-5E13-4DD6-B494-8932606385CC}.AppStore|x64.Deploy.0 = Release|Any CPU
		{AE37F860-5E13-4DD6-B494-8932606385CC}.AppStore|x86.ActiveCfg = Release|Any CPU
		{AE37F860-5E13-4DD6-B494-8932606385CC}.AppStore|x86.Build.0 = Release|Any CPU
		{AE37F860-5E13-4DD6-B494-8932606385CC}.AppStore|x86.Deploy.0 = Release|Any CPU
		{AE37F860-5E13-4DD6-B494-8932606385CC}.Debug|Any CPU.ActiveCfg = Debug|Any CPU
		{AE37F860-5E13-4DD6-B494-8932606385CC}.Debug|Any CPU.Build.0 = Debug|Any CPU
		{AE37F860-5E13-4DD6-B494-8932606385CC}.Debug|Any CPU.Deploy.0 = Debug|Any CPU
		{AE37F860-5E13-4DD6-B494-8932606385CC}.Debug|ARM.ActiveCfg = Debug|Any CPU
		{AE37F860-5E13-4DD6-B494-8932606385CC}.Debug|ARM.Build.0 = Debug|Any CPU
		{AE37F860-5E13-4DD6-B494-8932606385CC}.Debug|ARM.Deploy.0 = Debug|Any CPU
		{AE37F860-5E13-4DD6-B494-8932606385CC}.Debug|iPhone.ActiveCfg = Debug|Any CPU
		{AE37F860-5E13-4DD6-B494-8932606385CC}.Debug|iPhone.Build.0 = Debug|Any CPU
		{AE37F860-5E13-4DD6-B494-8932606385CC}.Debug|iPhone.Deploy.0 = Debug|Any CPU
		{AE37F860-5E13-4DD6-B494-8932606385CC}.Debug|iPhoneSimulator.ActiveCfg = Debug|Any CPU
		{AE37F860-5E13-4DD6-B494-8932606385CC}.Debug|iPhoneSimulator.Build.0 = Debug|Any CPU
		{AE37F860-5E13-4DD6-B494-8932606385CC}.Debug|iPhoneSimulator.Deploy.0 = Debug|Any CPU
		{AE37F860-5E13-4DD6-B494-8932606385CC}.Debug|x64.ActiveCfg = Debug|Any CPU
		{AE37F860-5E13-4DD6-B494-8932606385CC}.Debug|x64.Build.0 = Debug|Any CPU
		{AE37F860-5E13-4DD6-B494-8932606385CC}.Debug|x64.Deploy.0 = Debug|Any CPU
		{AE37F860-5E13-4DD6-B494-8932606385CC}.Debug|x86.ActiveCfg = Debug|Any CPU
		{AE37F860-5E13-4DD6-B494-8932606385CC}.Debug|x86.Build.0 = Debug|Any CPU
		{AE37F860-5E13-4DD6-B494-8932606385CC}.Debug|x86.Deploy.0 = Debug|Any CPU
		{AE37F860-5E13-4DD6-B494-8932606385CC}.Release|Any CPU.ActiveCfg = Release|Any CPU
		{AE37F860-5E13-4DD6-B494-8932606385CC}.Release|Any CPU.Build.0 = Release|Any CPU
		{AE37F860-5E13-4DD6-B494-8932606385CC}.Release|Any CPU.Deploy.0 = Release|Any CPU
		{AE37F860-5E13-4DD6-B494-8932606385CC}.Release|ARM.ActiveCfg = Release|Any CPU
		{AE37F860-5E13-4DD6-B494-8932606385CC}.Release|ARM.Build.0 = Release|Any CPU
		{AE37F860-5E13-4DD6-B494-8932606385CC}.Release|ARM.Deploy.0 = Release|Any CPU
		{AE37F860-5E13-4DD6-B494-8932606385CC}.Release|iPhone.ActiveCfg = Release|Any CPU
		{AE37F860-5E13-4DD6-B494-8932606385CC}.Release|iPhone.Build.0 = Release|Any CPU
		{AE37F860-5E13-4DD6-B494-8932606385CC}.Release|iPhone.Deploy.0 = Release|Any CPU
		{AE37F860-5E13-4DD6-B494-8932606385CC}.Release|iPhoneSimulator.ActiveCfg = Release|Any CPU
		{AE37F860-5E13-4DD6-B494-8932606385CC}.Release|iPhoneSimulator.Build.0 = Release|Any CPU
		{AE37F860-5E13-4DD6-B494-8932606385CC}.Release|iPhoneSimulator.Deploy.0 = Release|Any CPU
		{AE37F860-5E13-4DD6-B494-8932606385CC}.Release|x64.ActiveCfg = Release|Any CPU
		{AE37F860-5E13-4DD6-B494-8932606385CC}.Release|x64.Build.0 = Release|Any CPU
		{AE37F860-5E13-4DD6-B494-8932606385CC}.Release|x64.Deploy.0 = Release|Any CPU
		{AE37F860-5E13-4DD6-B494-8932606385CC}.Release|x86.ActiveCfg = Release|Any CPU
		{AE37F860-5E13-4DD6-B494-8932606385CC}.Release|x86.Build.0 = Release|Any CPU
		{AE37F860-5E13-4DD6-B494-8932606385CC}.Release|x86.Deploy.0 = Release|Any CPU
		{63776DBE-238B-4718-9714-93C8DFB797FC}.Ad-Hoc|Any CPU.ActiveCfg = Release|Any CPU
		{63776DBE-238B-4718-9714-93C8DFB797FC}.Ad-Hoc|Any CPU.Build.0 = Release|Any CPU
		{63776DBE-238B-4718-9714-93C8DFB797FC}.Ad-Hoc|ARM.ActiveCfg = Release|Any CPU
		{63776DBE-238B-4718-9714-93C8DFB797FC}.Ad-Hoc|ARM.Build.0 = Release|Any CPU
		{63776DBE-238B-4718-9714-93C8DFB797FC}.Ad-Hoc|iPhone.ActiveCfg = Release|Any CPU
		{63776DBE-238B-4718-9714-93C8DFB797FC}.Ad-Hoc|iPhone.Build.0 = Release|Any CPU
		{63776DBE-238B-4718-9714-93C8DFB797FC}.Ad-Hoc|iPhoneSimulator.ActiveCfg = Release|Any CPU
		{63776DBE-238B-4718-9714-93C8DFB797FC}.Ad-Hoc|iPhoneSimulator.Build.0 = Release|Any CPU
		{63776DBE-238B-4718-9714-93C8DFB797FC}.Ad-Hoc|x64.ActiveCfg = Release|Any CPU
		{63776DBE-238B-4718-9714-93C8DFB797FC}.Ad-Hoc|x64.Build.0 = Release|Any CPU
		{63776DBE-238B-4718-9714-93C8DFB797FC}.Ad-Hoc|x86.ActiveCfg = Release|Any CPU
		{63776DBE-238B-4718-9714-93C8DFB797FC}.Ad-Hoc|x86.Build.0 = Release|Any CPU
		{63776DBE-238B-4718-9714-93C8DFB797FC}.AppStore|Any CPU.ActiveCfg = Release|Any CPU
		{63776DBE-238B-4718-9714-93C8DFB797FC}.AppStore|Any CPU.Build.0 = Release|Any CPU
		{63776DBE-238B-4718-9714-93C8DFB797FC}.AppStore|ARM.ActiveCfg = Release|Any CPU
		{63776DBE-238B-4718-9714-93C8DFB797FC}.AppStore|ARM.Build.0 = Release|Any CPU
		{63776DBE-238B-4718-9714-93C8DFB797FC}.AppStore|iPhone.ActiveCfg = Release|Any CPU
		{63776DBE-238B-4718-9714-93C8DFB797FC}.AppStore|iPhone.Build.0 = Release|Any CPU
		{63776DBE-238B-4718-9714-93C8DFB797FC}.AppStore|iPhoneSimulator.ActiveCfg = Release|Any CPU
		{63776DBE-238B-4718-9714-93C8DFB797FC}.AppStore|iPhoneSimulator.Build.0 = Release|Any CPU
		{63776DBE-238B-4718-9714-93C8DFB797FC}.AppStore|x64.ActiveCfg = Release|Any CPU
		{63776DBE-238B-4718-9714-93C8DFB797FC}.AppStore|x64.Build.0 = Release|Any CPU
		{63776DBE-238B-4718-9714-93C8DFB797FC}.AppStore|x86.ActiveCfg = Release|Any CPU
		{63776DBE-238B-4718-9714-93C8DFB797FC}.AppStore|x86.Build.0 = Release|Any CPU
		{63776DBE-238B-4718-9714-93C8DFB797FC}.Debug|Any CPU.ActiveCfg = Debug|Any CPU
		{63776DBE-238B-4718-9714-93C8DFB797FC}.Debug|Any CPU.Build.0 = Debug|Any CPU
		{63776DBE-238B-4718-9714-93C8DFB797FC}.Debug|ARM.ActiveCfg = Debug|Any CPU
		{63776DBE-238B-4718-9714-93C8DFB797FC}.Debug|ARM.Build.0 = Debug|Any CPU
		{63776DBE-238B-4718-9714-93C8DFB797FC}.Debug|iPhone.ActiveCfg = Debug|Any CPU
		{63776DBE-238B-4718-9714-93C8DFB797FC}.Debug|iPhone.Build.0 = Debug|Any CPU
		{63776DBE-238B-4718-9714-93C8DFB797FC}.Debug|iPhoneSimulator.ActiveCfg = Debug|Any CPU
		{63776DBE-238B-4718-9714-93C8DFB797FC}.Debug|iPhoneSimulator.Build.0 = Debug|Any CPU
		{63776DBE-238B-4718-9714-93C8DFB797FC}.Debug|x64.ActiveCfg = Debug|Any CPU
		{63776DBE-238B-4718-9714-93C8DFB797FC}.Debug|x64.Build.0 = Debug|Any CPU
		{63776DBE-238B-4718-9714-93C8DFB797FC}.Debug|x86.ActiveCfg = Debug|Any CPU
		{63776DBE-238B-4718-9714-93C8DFB797FC}.Debug|x86.Build.0 = Debug|Any CPU
		{63776DBE-238B-4718-9714-93C8DFB797FC}.Release|Any CPU.ActiveCfg = Release|Any CPU
		{63776DBE-238B-4718-9714-93C8DFB797FC}.Release|Any CPU.Build.0 = Release|Any CPU
		{63776DBE-238B-4718-9714-93C8DFB797FC}.Release|ARM.ActiveCfg = Release|Any CPU
		{63776DBE-238B-4718-9714-93C8DFB797FC}.Release|ARM.Build.0 = Release|Any CPU
		{63776DBE-238B-4718-9714-93C8DFB797FC}.Release|iPhone.ActiveCfg = Release|Any CPU
		{63776DBE-238B-4718-9714-93C8DFB797FC}.Release|iPhone.Build.0 = Release|Any CPU
		{63776DBE-238B-4718-9714-93C8DFB797FC}.Release|iPhoneSimulator.ActiveCfg = Release|Any CPU
		{63776DBE-238B-4718-9714-93C8DFB797FC}.Release|iPhoneSimulator.Build.0 = Release|Any CPU
		{63776DBE-238B-4718-9714-93C8DFB797FC}.Release|x64.ActiveCfg = Release|Any CPU
		{63776DBE-238B-4718-9714-93C8DFB797FC}.Release|x64.Build.0 = Release|Any CPU
		{63776DBE-238B-4718-9714-93C8DFB797FC}.Release|x86.ActiveCfg = Release|Any CPU
		{63776DBE-238B-4718-9714-93C8DFB797FC}.Release|x86.Build.0 = Release|Any CPU
		{B128D9DD-6937-4B17-8C26-6AD094674A71}.Ad-Hoc|Any CPU.ActiveCfg = Release|x86
		{B128D9DD-6937-4B17-8C26-6AD094674A71}.Ad-Hoc|Any CPU.Build.0 = Release|x86
		{B128D9DD-6937-4B17-8C26-6AD094674A71}.Ad-Hoc|Any CPU.Deploy.0 = Release|x86
		{B128D9DD-6937-4B17-8C26-6AD094674A71}.Ad-Hoc|ARM.ActiveCfg = Release|ARM
		{B128D9DD-6937-4B17-8C26-6AD094674A71}.Ad-Hoc|ARM.Build.0 = Release|ARM
		{B128D9DD-6937-4B17-8C26-6AD094674A71}.Ad-Hoc|ARM.Deploy.0 = Release|ARM
		{B128D9DD-6937-4B17-8C26-6AD094674A71}.Ad-Hoc|iPhone.ActiveCfg = Release|x86
		{B128D9DD-6937-4B17-8C26-6AD094674A71}.Ad-Hoc|iPhone.Build.0 = Release|x86
		{B128D9DD-6937-4B17-8C26-6AD094674A71}.Ad-Hoc|iPhone.Deploy.0 = Release|x86
		{B128D9DD-6937-4B17-8C26-6AD094674A71}.Ad-Hoc|iPhoneSimulator.ActiveCfg = Release|x86
		{B128D9DD-6937-4B17-8C26-6AD094674A71}.Ad-Hoc|iPhoneSimulator.Build.0 = Release|x86
		{B128D9DD-6937-4B17-8C26-6AD094674A71}.Ad-Hoc|iPhoneSimulator.Deploy.0 = Release|x86
		{B128D9DD-6937-4B17-8C26-6AD094674A71}.Ad-Hoc|x64.ActiveCfg = Release|x64
		{B128D9DD-6937-4B17-8C26-6AD094674A71}.Ad-Hoc|x64.Build.0 = Release|x64
		{B128D9DD-6937-4B17-8C26-6AD094674A71}.Ad-Hoc|x64.Deploy.0 = Release|x64
		{B128D9DD-6937-4B17-8C26-6AD094674A71}.Ad-Hoc|x86.ActiveCfg = Release|x86
		{B128D9DD-6937-4B17-8C26-6AD094674A71}.Ad-Hoc|x86.Build.0 = Release|x86
		{B128D9DD-6937-4B17-8C26-6AD094674A71}.Ad-Hoc|x86.Deploy.0 = Release|x86
		{B128D9DD-6937-4B17-8C26-6AD094674A71}.AppStore|Any CPU.ActiveCfg = Release|x86
		{B128D9DD-6937-4B17-8C26-6AD094674A71}.AppStore|Any CPU.Build.0 = Release|x86
		{B128D9DD-6937-4B17-8C26-6AD094674A71}.AppStore|Any CPU.Deploy.0 = Release|x86
		{B128D9DD-6937-4B17-8C26-6AD094674A71}.AppStore|ARM.ActiveCfg = Release|ARM
		{B128D9DD-6937-4B17-8C26-6AD094674A71}.AppStore|ARM.Build.0 = Release|ARM
		{B128D9DD-6937-4B17-8C26-6AD094674A71}.AppStore|ARM.Deploy.0 = Release|ARM
		{B128D9DD-6937-4B17-8C26-6AD094674A71}.AppStore|iPhone.ActiveCfg = Release|x86
		{B128D9DD-6937-4B17-8C26-6AD094674A71}.AppStore|iPhone.Build.0 = Release|x86
		{B128D9DD-6937-4B17-8C26-6AD094674A71}.AppStore|iPhone.Deploy.0 = Release|x86
		{B128D9DD-6937-4B17-8C26-6AD094674A71}.AppStore|iPhoneSimulator.ActiveCfg = Release|x86
		{B128D9DD-6937-4B17-8C26-6AD094674A71}.AppStore|iPhoneSimulator.Build.0 = Release|x86
		{B128D9DD-6937-4B17-8C26-6AD094674A71}.AppStore|iPhoneSimulator.Deploy.0 = Release|x86
		{B128D9DD-6937-4B17-8C26-6AD094674A71}.AppStore|x64.ActiveCfg = Release|x64
		{B128D9DD-6937-4B17-8C26-6AD094674A71}.AppStore|x64.Build.0 = Release|x64
		{B128D9DD-6937-4B17-8C26-6AD094674A71}.AppStore|x64.Deploy.0 = Release|x64
		{B128D9DD-6937-4B17-8C26-6AD094674A71}.AppStore|x86.ActiveCfg = Release|x86
		{B128D9DD-6937-4B17-8C26-6AD094674A71}.AppStore|x86.Build.0 = Release|x86
		{B128D9DD-6937-4B17-8C26-6AD094674A71}.AppStore|x86.Deploy.0 = Release|x86
		{B128D9DD-6937-4B17-8C26-6AD094674A71}.Debug|Any CPU.ActiveCfg = Debug|x86
		{B128D9DD-6937-4B17-8C26-6AD094674A71}.Debug|ARM.ActiveCfg = Debug|ARM
		{B128D9DD-6937-4B17-8C26-6AD094674A71}.Debug|ARM.Build.0 = Debug|ARM
		{B128D9DD-6937-4B17-8C26-6AD094674A71}.Debug|ARM.Deploy.0 = Debug|ARM
		{B128D9DD-6937-4B17-8C26-6AD094674A71}.Debug|iPhone.ActiveCfg = Debug|x86
		{B128D9DD-6937-4B17-8C26-6AD094674A71}.Debug|iPhoneSimulator.ActiveCfg = Debug|x86
		{B128D9DD-6937-4B17-8C26-6AD094674A71}.Debug|x64.ActiveCfg = Debug|x64
		{B128D9DD-6937-4B17-8C26-6AD094674A71}.Debug|x64.Build.0 = Debug|x64
		{B128D9DD-6937-4B17-8C26-6AD094674A71}.Debug|x64.Deploy.0 = Debug|x64
		{B128D9DD-6937-4B17-8C26-6AD094674A71}.Debug|x86.ActiveCfg = Debug|x86
		{B128D9DD-6937-4B17-8C26-6AD094674A71}.Debug|x86.Build.0 = Debug|x86
		{B128D9DD-6937-4B17-8C26-6AD094674A71}.Debug|x86.Deploy.0 = Debug|x86
		{B128D9DD-6937-4B17-8C26-6AD094674A71}.Release|Any CPU.ActiveCfg = Release|x86
		{B128D9DD-6937-4B17-8C26-6AD094674A71}.Release|ARM.ActiveCfg = Release|ARM
		{B128D9DD-6937-4B17-8C26-6AD094674A71}.Release|ARM.Build.0 = Release|ARM
		{B128D9DD-6937-4B17-8C26-6AD094674A71}.Release|ARM.Deploy.0 = Release|ARM
		{B128D9DD-6937-4B17-8C26-6AD094674A71}.Release|iPhone.ActiveCfg = Release|x86
		{B128D9DD-6937-4B17-8C26-6AD094674A71}.Release|iPhoneSimulator.ActiveCfg = Release|x86
		{B128D9DD-6937-4B17-8C26-6AD094674A71}.Release|x64.ActiveCfg = Release|x64
		{B128D9DD-6937-4B17-8C26-6AD094674A71}.Release|x64.Build.0 = Release|x64
		{B128D9DD-6937-4B17-8C26-6AD094674A71}.Release|x64.Deploy.0 = Release|x64
		{B128D9DD-6937-4B17-8C26-6AD094674A71}.Release|x86.ActiveCfg = Release|x86
		{B128D9DD-6937-4B17-8C26-6AD094674A71}.Release|x86.Build.0 = Release|x86
		{B128D9DD-6937-4B17-8C26-6AD094674A71}.Release|x86.Deploy.0 = Release|x86
		{65BFE93A-BF44-438D-8C0B-404474DB5CDE}.Ad-Hoc|Any CPU.ActiveCfg = Ad-Hoc|iPhone
		{65BFE93A-BF44-438D-8C0B-404474DB5CDE}.Ad-Hoc|ARM.ActiveCfg = Ad-Hoc|iPhone
		{65BFE93A-BF44-438D-8C0B-404474DB5CDE}.Ad-Hoc|iPhone.ActiveCfg = Ad-Hoc|iPhone
		{65BFE93A-BF44-438D-8C0B-404474DB5CDE}.Ad-Hoc|iPhone.Build.0 = Ad-Hoc|iPhone
		{65BFE93A-BF44-438D-8C0B-404474DB5CDE}.Ad-Hoc|iPhoneSimulator.ActiveCfg = Ad-Hoc|iPhoneSimulator
		{65BFE93A-BF44-438D-8C0B-404474DB5CDE}.Ad-Hoc|iPhoneSimulator.Build.0 = Ad-Hoc|iPhoneSimulator
		{65BFE93A-BF44-438D-8C0B-404474DB5CDE}.Ad-Hoc|x64.ActiveCfg = Ad-Hoc|iPhone
		{65BFE93A-BF44-438D-8C0B-404474DB5CDE}.Ad-Hoc|x86.ActiveCfg = Ad-Hoc|iPhone
		{65BFE93A-BF44-438D-8C0B-404474DB5CDE}.AppStore|Any CPU.ActiveCfg = AppStore|iPhone
		{65BFE93A-BF44-438D-8C0B-404474DB5CDE}.AppStore|ARM.ActiveCfg = AppStore|iPhone
		{65BFE93A-BF44-438D-8C0B-404474DB5CDE}.AppStore|iPhone.ActiveCfg = AppStore|iPhone
		{65BFE93A-BF44-438D-8C0B-404474DB5CDE}.AppStore|iPhone.Build.0 = AppStore|iPhone
		{65BFE93A-BF44-438D-8C0B-404474DB5CDE}.AppStore|iPhoneSimulator.ActiveCfg = AppStore|iPhoneSimulator
		{65BFE93A-BF44-438D-8C0B-404474DB5CDE}.AppStore|iPhoneSimulator.Build.0 = AppStore|iPhoneSimulator
		{65BFE93A-BF44-438D-8C0B-404474DB5CDE}.AppStore|x64.ActiveCfg = AppStore|iPhone
		{65BFE93A-BF44-438D-8C0B-404474DB5CDE}.AppStore|x86.ActiveCfg = AppStore|iPhone
		{65BFE93A-BF44-438D-8C0B-404474DB5CDE}.Debug|Any CPU.ActiveCfg = Debug|iPhone
		{65BFE93A-BF44-438D-8C0B-404474DB5CDE}.Debug|ARM.ActiveCfg = Debug|iPhone
		{65BFE93A-BF44-438D-8C0B-404474DB5CDE}.Debug|iPhone.ActiveCfg = Debug|iPhone
		{65BFE93A-BF44-438D-8C0B-404474DB5CDE}.Debug|iPhone.Build.0 = Debug|iPhone
		{65BFE93A-BF44-438D-8C0B-404474DB5CDE}.Debug|iPhoneSimulator.ActiveCfg = Debug|iPhoneSimulator
		{65BFE93A-BF44-438D-8C0B-404474DB5CDE}.Debug|iPhoneSimulator.Build.0 = Debug|iPhoneSimulator
		{65BFE93A-BF44-438D-8C0B-404474DB5CDE}.Debug|x64.ActiveCfg = Debug|iPhone
		{65BFE93A-BF44-438D-8C0B-404474DB5CDE}.Debug|x86.ActiveCfg = Debug|iPhone
		{65BFE93A-BF44-438D-8C0B-404474DB5CDE}.Release|Any CPU.ActiveCfg = Release|iPhone
		{65BFE93A-BF44-438D-8C0B-404474DB5CDE}.Release|ARM.ActiveCfg = Release|iPhone
		{65BFE93A-BF44-438D-8C0B-404474DB5CDE}.Release|iPhone.ActiveCfg = Release|iPhone
		{65BFE93A-BF44-438D-8C0B-404474DB5CDE}.Release|iPhone.Build.0 = Release|iPhone
		{65BFE93A-BF44-438D-8C0B-404474DB5CDE}.Release|iPhoneSimulator.ActiveCfg = Release|iPhoneSimulator
		{65BFE93A-BF44-438D-8C0B-404474DB5CDE}.Release|iPhoneSimulator.Build.0 = Release|iPhoneSimulator
		{65BFE93A-BF44-438D-8C0B-404474DB5CDE}.Release|x64.ActiveCfg = Release|iPhone
		{65BFE93A-BF44-438D-8C0B-404474DB5CDE}.Release|x86.ActiveCfg = Release|iPhone
		{3F80FE68-4163-497C-B5F0-9D440845FB9B}.Ad-Hoc|Any CPU.ActiveCfg = Release|Any CPU
		{3F80FE68-4163-497C-B5F0-9D440845FB9B}.Ad-Hoc|Any CPU.Build.0 = Release|Any CPU
		{3F80FE68-4163-497C-B5F0-9D440845FB9B}.Ad-Hoc|ARM.ActiveCfg = Release|Any CPU
		{3F80FE68-4163-497C-B5F0-9D440845FB9B}.Ad-Hoc|ARM.Build.0 = Release|Any CPU
		{3F80FE68-4163-497C-B5F0-9D440845FB9B}.Ad-Hoc|iPhone.ActiveCfg = Release|Any CPU
		{3F80FE68-4163-497C-B5F0-9D440845FB9B}.Ad-Hoc|iPhone.Build.0 = Release|Any CPU
		{3F80FE68-4163-497C-B5F0-9D440845FB9B}.Ad-Hoc|iPhoneSimulator.ActiveCfg = Release|Any CPU
		{3F80FE68-4163-497C-B5F0-9D440845FB9B}.Ad-Hoc|iPhoneSimulator.Build.0 = Release|Any CPU
		{3F80FE68-4163-497C-B5F0-9D440845FB9B}.Ad-Hoc|x64.ActiveCfg = Release|Any CPU
		{3F80FE68-4163-497C-B5F0-9D440845FB9B}.Ad-Hoc|x64.Build.0 = Release|Any CPU
		{3F80FE68-4163-497C-B5F0-9D440845FB9B}.Ad-Hoc|x86.ActiveCfg = Release|Any CPU
		{3F80FE68-4163-497C-B5F0-9D440845FB9B}.Ad-Hoc|x86.Build.0 = Release|Any CPU
		{3F80FE68-4163-497C-B5F0-9D440845FB9B}.AppStore|Any CPU.ActiveCfg = Release|Any CPU
		{3F80FE68-4163-497C-B5F0-9D440845FB9B}.AppStore|Any CPU.Build.0 = Release|Any CPU
		{3F80FE68-4163-497C-B5F0-9D440845FB9B}.AppStore|ARM.ActiveCfg = Release|Any CPU
		{3F80FE68-4163-497C-B5F0-9D440845FB9B}.AppStore|ARM.Build.0 = Release|Any CPU
		{3F80FE68-4163-497C-B5F0-9D440845FB9B}.AppStore|iPhone.ActiveCfg = Release|Any CPU
		{3F80FE68-4163-497C-B5F0-9D440845FB9B}.AppStore|iPhone.Build.0 = Release|Any CPU
		{3F80FE68-4163-497C-B5F0-9D440845FB9B}.AppStore|iPhoneSimulator.ActiveCfg = Release|Any CPU
		{3F80FE68-4163-497C-B5F0-9D440845FB9B}.AppStore|iPhoneSimulator.Build.0 = Release|Any CPU
		{3F80FE68-4163-497C-B5F0-9D440845FB9B}.AppStore|x64.ActiveCfg = Release|Any CPU
		{3F80FE68-4163-497C-B5F0-9D440845FB9B}.AppStore|x64.Build.0 = Release|Any CPU
		{3F80FE68-4163-497C-B5F0-9D440845FB9B}.AppStore|x86.ActiveCfg = Release|Any CPU
		{3F80FE68-4163-497C-B5F0-9D440845FB9B}.AppStore|x86.Build.0 = Release|Any CPU
		{3F80FE68-4163-497C-B5F0-9D440845FB9B}.Debug|Any CPU.ActiveCfg = Debug|Any CPU
		{3F80FE68-4163-497C-B5F0-9D440845FB9B}.Debug|Any CPU.Build.0 = Debug|Any CPU
		{3F80FE68-4163-497C-B5F0-9D440845FB9B}.Debug|ARM.ActiveCfg = Debug|Any CPU
		{3F80FE68-4163-497C-B5F0-9D440845FB9B}.Debug|ARM.Build.0 = Debug|Any CPU
		{3F80FE68-4163-497C-B5F0-9D440845FB9B}.Debug|iPhone.ActiveCfg = Debug|Any CPU
		{3F80FE68-4163-497C-B5F0-9D440845FB9B}.Debug|iPhone.Build.0 = Debug|Any CPU
		{3F80FE68-4163-497C-B5F0-9D440845FB9B}.Debug|iPhoneSimulator.ActiveCfg = Debug|Any CPU
		{3F80FE68-4163-497C-B5F0-9D440845FB9B}.Debug|iPhoneSimulator.Build.0 = Debug|Any CPU
		{3F80FE68-4163-497C-B5F0-9D440845FB9B}.Debug|x64.ActiveCfg = Debug|Any CPU
		{3F80FE68-4163-497C-B5F0-9D440845FB9B}.Debug|x64.Build.0 = Debug|Any CPU
		{3F80FE68-4163-497C-B5F0-9D440845FB9B}.Debug|x86.ActiveCfg = Debug|Any CPU
		{3F80FE68-4163-497C-B5F0-9D440845FB9B}.Debug|x86.Build.0 = Debug|Any CPU
		{3F80FE68-4163-497C-B5F0-9D440845FB9B}.Release|Any CPU.ActiveCfg = Release|Any CPU
		{3F80FE68-4163-497C-B5F0-9D440845FB9B}.Release|Any CPU.Build.0 = Release|Any CPU
		{3F80FE68-4163-497C-B5F0-9D440845FB9B}.Release|ARM.ActiveCfg = Release|Any CPU
		{3F80FE68-4163-497C-B5F0-9D440845FB9B}.Release|ARM.Build.0 = Release|Any CPU
		{3F80FE68-4163-497C-B5F0-9D440845FB9B}.Release|iPhone.ActiveCfg = Release|Any CPU
		{3F80FE68-4163-497C-B5F0-9D440845FB9B}.Release|iPhone.Build.0 = Release|Any CPU
		{3F80FE68-4163-497C-B5F0-9D440845FB9B}.Release|iPhoneSimulator.ActiveCfg = Release|Any CPU
		{3F80FE68-4163-497C-B5F0-9D440845FB9B}.Release|iPhoneSimulator.Build.0 = Release|Any CPU
		{3F80FE68-4163-497C-B5F0-9D440845FB9B}.Release|x64.ActiveCfg = Release|Any CPU
		{3F80FE68-4163-497C-B5F0-9D440845FB9B}.Release|x64.Build.0 = Release|Any CPU
		{3F80FE68-4163-497C-B5F0-9D440845FB9B}.Release|x86.ActiveCfg = Release|Any CPU
		{3F80FE68-4163-497C-B5F0-9D440845FB9B}.Release|x86.Build.0 = Release|Any CPU
	EndGlobalSection
	GlobalSection(SolutionProperties) = preSolution
		HideSolutionNode = FALSE
	EndGlobalSection
	GlobalSection(ExtensibilityGlobals) = postSolution
		SolutionGuid = {7E09142C-4F76-47B0-84C1-55A0506A5621}
	EndGlobalSection
EndGlobal
